
Microsoft Visual Studio Solution File, Format Version 12.00
# Visual Studio Version 17
VisualStudioVersion = 17.14.37027.9 d17.14
MinimumVisualStudioVersion = 10.0.40219.1
Project("{FAE04EC0-301F-11D3-BF4B-00C04F79EFBC}") = "OrganikPazarMVC_WebApp", "OrganikPazarMVC_WebApp\OrganikPazarMVC_WebApp.csproj", "{AFCC0286-2E29-409E-9600-0079C85D2F4C}"
EndProject
Global
	GlobalSection(SolutionConfigurationPlatforms) = preSolution
		Debug|Any CPU = Debug|Any CPU
		Release|Any CPU = Release|Any CPU
	EndGlobalSection
	GlobalSection(ProjectConfigurationPlatforms) = postSolution
		{AFCC0286-2E29-409E-9600-0079C85D2F4C}.Debug|Any CPU.ActiveCfg = Debug|Any CPU
		{AFCC0286-2E29-409E-9600-0079C85D2F4C}.Debug|Any CPU.Build.0 = Debug|Any CPU
		{AFCC0286-2E29-409E-9600-0079C85D2F4C}.Release|Any CPU.ActiveCfg = Release|Any CPU
		{AFCC0286-2E29-409E-9600-0079C85D2F4C}.Release|Any CPU.Build.0 = Release|Any CPU
	EndGlobalSection
	GlobalSection(SolutionProperties) = preSolution
		HideSolutionNode = FALSE
	EndGlobalSection
	GlobalSection(ExtensibilityGlobals) = postSolution
		SolutionGuid = {044B2BE2-E73D-478B-B7CB-71F23D5D9AF8}
	EndGlobalSection
EndGlobal
